
Microsoft Visual Studio Solution File, Format Version 12.00
Project("{FAE04EC0-301F-11D3-BF4B-00C04F79EFBC}") = "RDPMS.Core.Server", "src\RDPMS.Core.Server\RDPMS.Core.Server.csproj", "{D5DEA0C0-1EAF-4A2E-8A00-647186C5CDC0}"
EndProject
Project("{2150E333-8FDC-42A3-9474-1A3956D46DE8}") = "Solution Items", "Solution Items", "{4B11E150-2A14-4B83-A4EE-03F670F22C38}"
	ProjectSection(SolutionItems) = preProject
		compose.yaml = compose.yaml
	EndProjectSection
EndProject
Project("{FAE04EC0-301F-11D3-BF4B-00C04F79EFBC}") = "RDPMS.Core.Persistence", "src\RDPMS.Core.Persistence\RDPMS.Core.Persistence.csproj", "{B49C12BD-CA68-457F-A570-D0C4CCAB609C}"
EndProject
Project("{FAE04EC0-301F-11D3-BF4B-00C04F79EFBC}") = "RDPMS.Core.Tests.Data", "test\RDPMS.Core.Tests.Data\RDPMS.Core.Tests.Data.csproj", "{F1C16AE4-8E97-49A2-A7E9-8E041D4573C0}"
EndProject
Project("{FAE04EC0-301F-11D3-BF4B-00C04F79EFBC}") = "RDPMS.Core.Infra", "src\RDPMS.Core.Infra\RDPMS.Core.Infra.csproj", "{12C82B75-61A4-4F06-8273-0F58A4A654DF}"
EndProject
Project("{FAE04EC0-301F-11D3-BF4B-00C04F79EFBC}") = "RDPMS.MockS3Interaction", "src\RDPMS.MockS3Interaction\RDPMS.MockS3Interaction.csproj", "{427E282F-A4CF-4385-B090-39518A97A626}"
EndProject
Project("{FAE04EC0-301F-11D3-BF4B-00C04F79EFBC}") = "RDPMS.Core.Contracts", "src\RDPMS.Core.Contracts\RDPMS.Core.Contracts.csproj", "{EDAA55A3-90B8-4FA1-BC2F-E280B42E2E57}"
EndProject
Global
	GlobalSection(SolutionConfigurationPlatforms) = preSolution
		Debug|Any CPU = Debug|Any CPU
		Release|Any CPU = Release|Any CPU
	EndGlobalSection
	GlobalSection(ProjectConfigurationPlatforms) = postSolution
		{D5DEA0C0-1EAF-4A2E-8A00-647186C5CDC0}.Debug|Any CPU.ActiveCfg = Debug|Any CPU
		{D5DEA0C0-1EAF-4A2E-8A00-647186C5CDC0}.Debug|Any CPU.Build.0 = Debug|Any CPU
		{D5DEA0C0-1EAF-4A2E-8A00-647186C5CDC0}.Release|Any CPU.ActiveCfg = Release|Any CPU
		{D5DEA0C0-1EAF-4A2E-8A00-647186C5CDC0}.Release|Any CPU.Build.0 = Release|Any CPU
		{B49C12BD-CA68-457F-A570-D0C4CCAB609C}.Debug|Any CPU.ActiveCfg = Debug|Any CPU
		{B49C12BD-CA68-457F-A570-D0C4CCAB609C}.Debug|Any CPU.Build.0 = Debug|Any CPU
		{B49C12BD-CA68-457F-A570-D0C4CCAB609C}.Release|Any CPU.ActiveCfg = Release|Any CPU
		{B49C12BD-CA68-457F-A570-D0C4CCAB609C}.Release|Any CPU.Build.0 = Release|Any CPU
		{F1C16AE4-8E97-49A2-A7E9-8E041D4573C0}.Debug|Any CPU.ActiveCfg = Debug|Any CPU
		{F1C16AE4-8E97-49A2-A7E9-8E041D4573C0}.Debug|Any CPU.Build.0 = Debug|Any CPU
		{F1C16AE4-8E97-49A2-A7E9-8E041D4573C0}.Release|Any CPU.ActiveCfg = Release|Any CPU
		{F1C16AE4-8E97-49A2-A7E9-8E041D4573C0}.Release|Any CPU.Build.0 = Release|Any CPU
		{12C82B75-61A4-4F06-8273-0F58A4A654DF}.Debug|Any CPU.ActiveCfg = Debug|Any CPU
		{12C82B75-61A4-4F06-8273-0F58A4A654DF}.Debug|Any CPU.Build.0 = Debug|Any CPU
		{12C82B75-61A4-4F06-8273-0F58A4A654DF}.Release|Any CPU.ActiveCfg = Release|Any CPU
		{12C82B75-61A4-4F06-8273-0F58A4A654DF}.Release|Any CPU.Build.0 = Release|Any CPU
		{427E282F-A4CF-4385-B090-39518A97A626}.Debug|Any CPU.ActiveCfg = Debug|Any CPU
		{427E282F-A4CF-4385-B090-39518A97A626}.Debug|Any CPU.Build.0 = Debug|Any CPU
		{427E282F-A4CF-4385-B090-39518A97A626}.Release|Any CPU.ActiveCfg = Release|Any CPU
		{427E282F-A4CF-4385-B090-39518A97A626}.Release|Any CPU.Build.0 = Release|Any CPU
		{EDAA55A3-90B8-4FA1-BC2F-E280B42E2E57}.Debug|Any CPU.ActiveCfg = Debug|Any CPU
		{EDAA55A3-90B8-4FA1-BC2F-E280B42E2E57}.Debug|Any CPU.Build.0 = Debug|Any CPU
		{EDAA55A3-90B8-4FA1-BC2F-E280B42E2E57}.Release|Any CPU.ActiveCfg = Release|Any CPU
		{EDAA55A3-90B8-4FA1-BC2F-E280B42E2E57}.Release|Any CPU.Build.0 = Release|Any CPU
	EndGlobalSection
EndGlobal
